// !$*UTF8*$!
{
	archiveVersion = 1;
	classes = {
	};
	objectVersion = 46;
	objects = {

/* Begin PBXBuildFile section */
		D2F331111CC664550028739F /* AppDelegate.swift in Sources */ = {isa = PBXBuildFile; fileRef = D2F331101CC664550028739F /* AppDelegate.swift */; };
		D2F331131CC664550028739F /* ViewController.swift in Sources */ = {isa = PBXBuildFile; fileRef = D2F331121CC664550028739F /* ViewController.swift */; };
		D2F331161CC664550028739F /* Main.storyboard in Resources */ = {isa = PBXBuildFile; fileRef = D2F331141CC664550028739F /* Main.storyboard */; };
		D2F331181CC664550028739F /* Assets.xcassets in Resources */ = {isa = PBXBuildFile; fileRef = D2F331171CC664550028739F /* Assets.xcassets */; };
		D2F3311B1CC664550028739F /* LaunchScreen.storyboard in Resources */ = {isa = PBXBuildFile; fileRef = D2F331191CC664550028739F /* LaunchScreen.storyboard */; };
		D2F331261CC664550028739F /* navigationTests.swift in Sources */ = {isa = PBXBuildFile; fileRef = D2F331251CC664550028739F /* navigationTests.swift */; };
		D2F331311CC664560028739F /* navigationUITests.swift in Sources */ = {isa = PBXBuildFile; fileRef = D2F331301CC664560028739F /* navigationUITests.swift */; };
/* End PBXBuildFile section */

/* Begin PBXContainerItemProxy section */
		D2F331221CC664550028739F /* PBXContainerItemProxy */ = {
			isa = PBXContainerItemProxy;
			containerPortal = D2F331051CC664550028739F /* Project object */;
			proxyType = 1;
			remoteGlobalIDString = D2F3310C1CC664550028739F;
			remoteInfo = navigation;
		};
		D2F3312D1CC664550028739F /* PBXContainerItemProxy */ = {
			isa = PBXContainerItemProxy;
			containerPortal = D2F331051CC664550028739F /* Project object */;
			proxyType = 1;
			remoteGlobalIDString = D2F3310C1CC664550028739F;
			remoteInfo = navigation;
		};
/* End PBXContainerItemProxy section */

/* Begin PBXFileReference section */
		D2F3310D1CC664550028739F /* Stopwatch.app */ = {isa = PBXFileReference; explicitFileType = wrapper.application; includeInIndex = 0; path = Stopwatch.app; sourceTree = BUILT_PRODUCTS_DIR; };
		D2F331101CC664550028739F /* AppDelegate.swift */ = {isa = PBXFileReference; lastKnownFileType = sourcecode.swift; path = AppDelegate.swift; sourceTree = "<group>"; };
		D2F331121CC664550028739F /* ViewController.swift */ = {isa = PBXFileReference; lastKnownFileType = sourcecode.swift; path = ViewController.swift; sourceTree = "<group>"; };
		D2F331151CC664550028739F /* Base */ = {isa = PBXFileReference; lastKnownFileType = file.storyboard; name = Base; path = Base.lproj/Main.storyboard; sourceTree = "<group>"; };
		D2F331171CC664550028739F /* Assets.xcassets */ = {isa = PBXFileReference; lastKnownFileType = folder.assetcatalog; path = Assets.xcassets; sourceTree = "<group>"; };
		D2F3311A1CC664550028739F /* Base */ = {isa = PBXFileReference; lastKnownFileType = file.storyboard; name = Base; path = Base.lproj/LaunchScreen.storyboard; sourceTree = "<group>"; };
		D2F3311C1CC664550028739F /* Info.plist */ = {isa = PBXFileReference; lastKnownFileType = text.plist.xml; path = Info.plist; sourceTree = "<group>"; };
		D2F331211CC664550028739F /* Stopwatch.xctest */ = {isa = PBXFileReference; explicitFileType = wrapper.cfbundle; includeInIndex = 0; path = Stopwatch.xctest; sourceTree = BUILT_PRODUCTS_DIR; };
		D2F331251CC664550028739F /* navigationTests.swift */ = {isa = PBXFileReference; lastKnownFileType = sourcecode.swift; path = navigationTests.swift; sourceTree = "<group>"; };
		D2F331271CC664550028739F /* Info.plist */ = {isa = PBXFileReference; lastKnownFileType = text.plist.xml; path = Info.plist; sourceTree = "<group>"; };
		D2F3312C1CC664550028739F /* Stopwatch.xctest */ = {isa = PBXFileReference; explicitFileType = wrapper.cfbundle; includeInIndex = 0; path = Stopwatch.xctest; sourceTree = BUILT_PRODUCTS_DIR; };
		D2F331301CC664560028739F /* navigationUITests.swift */ = {isa = PBXFileReference; lastKnownFileType = sourcecode.swift; path = navigationUITests.swift; sourceTree = "<group>"; };
		D2F331321CC664560028739F /* Info.plist */ = {isa = PBXFileReference; lastKnownFileType = text.plist.xml; path = Info.plist; sourceTree = "<group>"; };
/* End PBXFileReference section */

/* Begin PBXFrameworksBuildPhase section */
		D2F3310A1CC664550028739F /* Frameworks */ = {
			isa = PBXFrameworksBuildPhase;
			buildActionMask = 2147483647;
			files = (
			);
			runOnlyForDeploymentPostprocessing = 0;
		};
		D2F3311E1CC664550028739F /* Frameworks */ = {
			isa = PBXFrameworksBuildPhase;
			buildActionMask = 2147483647;
			files = (
			);
			runOnlyForDeploymentPostprocessing = 0;
		};
		D2F331291CC664550028739F /* Frameworks */ = {
			isa = PBXFrameworksBuildPhase;
			buildActionMask = 2147483647;
			files = (
			);
			runOnlyForDeploymentPostprocessing = 0;
		};
/* End PBXFrameworksBuildPhase section */

/* Begin PBXGroup section */
		D2F331041CC664550028739F = {
			isa = PBXGroup;
			children = (
				D2F3310F1CC664550028739F /* navigation */,
				D2F331241CC664550028739F /* navigationTests */,
				D2F3312F1CC664550028739F /* navigationUITests */,
				D2F3310E1CC664550028739F /* Products */,
			);
			sourceTree = "<group>";
		};
		D2F3310E1CC664550028739F /* Products */ = {
			isa = PBXGroup;
			children = (
				D2F3310D1CC664550028739F /* Stopwatch.app */,
				D2F331211CC664550028739F /* Stopwatch.xctest */,
				D2F3312C1CC664550028739F /* Stopwatch.xctest */,
			);
			name = Products;
			sourceTree = "<group>";
		};
		D2F3310F1CC664550028739F /* navigation */ = {
			isa = PBXGroup;
			children = (
				D2F331101CC664550028739F /* AppDelegate.swift */,
				D2F331121CC664550028739F /* ViewController.swift */,
				D2F331141CC664550028739F /* Main.storyboard */,
				D2F331171CC664550028739F /* Assets.xcassets */,
				D2F331191CC664550028739F /* LaunchScreen.storyboard */,
				D2F3311C1CC664550028739F /* Info.plist */,
			);
			path = navigation;
			sourceTree = "<group>";
		};
		D2F331241CC664550028739F /* navigationTests */ = {
			isa = PBXGroup;
			children = (
				D2F331251CC664550028739F /* navigationTests.swift */,
				D2F331271CC664550028739F /* Info.plist */,
			);
			path = navigationTests;
			sourceTree = "<group>";
		};
		D2F3312F1CC664550028739F /* navigationUITests */ = {
			isa = PBXGroup;
			children = (
				D2F331301CC664560028739F /* navigationUITests.swift */,
				D2F331321CC664560028739F /* Info.plist */,
			);
			path = navigationUITests;
			sourceTree = "<group>";
		};
/* End PBXGroup section */

/* Begin PBXNativeTarget section */
		D2F3310C1CC664550028739F /* Stopwatch */ = {
			isa = PBXNativeTarget;
			buildConfigurationList = D2F331351CC664560028739F /* Build configuration list for PBXNativeTarget "Stopwatch" */;
			buildPhases = (
				D2F331091CC664550028739F /* Sources */,
				D2F3310A1CC664550028739F /* Frameworks */,
				D2F3310B1CC664550028739F /* Resources */,
			);
			buildRules = (
			);
			dependencies = (
			);
			name = Stopwatch;
			productName = navigation;
			productReference = D2F3310D1CC664550028739F /* Stopwatch.app */;
			productType = "com.apple.product-type.application";
		};
		D2F331201CC664550028739F /* StopwatchTests */ = {
			isa = PBXNativeTarget;
			buildConfigurationList = D2F331381CC664560028739F /* Build configuration list for PBXNativeTarget "StopwatchTests" */;
			buildPhases = (
				D2F3311D1CC664550028739F /* Sources */,
				D2F3311E1CC664550028739F /* Frameworks */,
				D2F3311F1CC664550028739F /* Resources */,
			);
			buildRules = (
			);
			dependencies = (
				D2F331231CC664550028739F /* PBXTargetDependency */,
			);
			name = StopwatchTests;
			productName = navigationTests;
			productReference = D2F331211CC664550028739F /* Stopwatch.xctest */;
			productType = "com.apple.product-type.bundle.unit-test";
		};
		D2F3312B1CC664550028739F /* StopwatchUITests */ = {
			isa = PBXNativeTarget;
			buildConfigurationList = D2F3313B1CC664560028739F /* Build configuration list for PBXNativeTarget "StopwatchUITests" */;
			buildPhases = (
				D2F331281CC664550028739F /* Sources */,
				D2F331291CC664550028739F /* Frameworks */,
				D2F3312A1CC664550028739F /* Resources */,
			);
			buildRules = (
			);
			dependencies = (
				D2F3312E1CC664550028739F /* PBXTargetDependency */,
			);
			name = StopwatchUITests;
			productName = navigationUITests;
			productReference = D2F3312C1CC664550028739F /* Stopwatch.xctest */;
			productType = "com.apple.product-type.bundle.ui-testing";
		};
/* End PBXNativeTarget section */

/* Begin PBXProject section */
		D2F331051CC664550028739F /* Project object */ = {
			isa = PBXProject;
			attributes = {
				LastSwiftUpdateCheck = 0730;
				LastUpgradeCheck = 0730;
				ORGANIZATIONNAME = "Darlene Phan";
				TargetAttributes = {
					D2F3310C1CC664550028739F = {
						CreatedOnToolsVersion = 7.3;
						DevelopmentTeam = HVPTA8AYL9;
					};
					D2F331201CC664550028739F = {
						CreatedOnToolsVersion = 7.3;
						DevelopmentTeam = HVPTA8AYL9;
						TestTargetID = D2F3310C1CC664550028739F;
					};
					D2F3312B1CC664550028739F = {
						CreatedOnToolsVersion = 7.3;
						DevelopmentTeam = HVPTA8AYL9;
						TestTargetID = D2F3310C1CC664550028739F;
					};
				};
			};
			buildConfigurationList = D2F331081CC664550028739F /* Build configuration list for PBXProject "Stopwatch" */;
			compatibilityVersion = "Xcode 3.2";
			developmentRegion = English;
			hasScannedForEncodings = 0;
			knownRegions = (
				en,
				Base,
			);
			mainGroup = D2F331041CC664550028739F;
			productRefGroup = D2F3310E1CC664550028739F /* Products */;
			projectDirPath = "";
			projectRoot = "";
			targets = (
				D2F3310C1CC664550028739F /* Stopwatch */,
				D2F331201CC664550028739F /* StopwatchTests */,
				D2F3312B1CC664550028739F /* StopwatchUITests */,
			);
		};
/* End PBXProject section */

/* Begin PBXResourcesBuildPhase section */
		D2F3310B1CC664550028739F /* Resources */ = {
			isa = PBXResourcesBuildPhase;
			buildActionMask = 2147483647;
			files = (
				D2F3311B1CC664550028739F /* LaunchScreen.storyboard in Resources */,
				D2F331181CC664550028739F /* Assets.xcassets in Resources */,
				D2F331161CC664550028739F /* Main.storyboard in Resources */,
			);
			runOnlyForDeploymentPostprocessing = 0;
		};
		D2F3311F1CC664550028739F /* Resources */ = {
			isa = PBXResourcesBuildPhase;
			buildActionMask = 2147483647;
			files = (
			);
			runOnlyForDeploymentPostprocessing = 0;
		};
		D2F3312A1CC664550028739F /* Resources */ = {
			isa = PBXResourcesBuildPhase;
			buildActionMask = 2147483647;
			files = (
			);
			runOnlyForDeploymentPostprocessing = 0;
		};
/* End PBXResourcesBuildPhase section */

/* Begin PBXSourcesBuildPhase section */
		D2F331091CC664550028739F /* Sources */ = {
			isa = PBXSourcesBuildPhase;
			buildActionMask = 2147483647;
			files = (
				D2F331131CC664550028739F /* ViewController.swift in Sources */,
				D2F331111CC664550028739F /* AppDelegate.swift in Sources */,
			);
			runOnlyForDeploymentPostprocessing = 0;
		};
		D2F3311D1CC664550028739F /* Sources */ = {
			isa = PBXSourcesBuildPhase;
			buildActionMask = 2147483647;
			files = (
				D2F331261CC664550028739F /* navigationTests.swift in Sources */,
			);
			runOnlyForDeploymentPostprocessing = 0;
		};
		D2F331281CC664550028739F /* Sources */ = {
			isa = PBXSourcesBuildPhase;
			buildActionMask = 2147483647;
			files = (
				D2F331311CC664560028739F /* navigationUITests.swift in Sources */,
			);
			runOnlyForDeploymentPostprocessing = 0;
		};
/* End PBXSourcesBuildPhase section */

/* Begin PBXTargetDependency section */
		D2F331231CC664550028739F /* PBXTargetDependency */ = {
			isa = PBXTargetDependency;
			target = D2F3310C1CC664550028739F /* Stopwatch */;
			targetProxy = D2F331221CC664550028739F /* PBXContainerItemProxy */;
		};
		D2F3312E1CC664550028739F /* PBXTargetDependency */ = {
			isa = PBXTargetDependency;
			target = D2F3310C1CC664550028739F /* Stopwatch */;
			targetProxy = D2F3312D1CC664550028739F /* PBXContainerItemProxy */;
		};
/* End PBXTargetDependency section */

/* Begin PBXVariantGroup section */
		D2F331141CC664550028739F /* Main.storyboard */ = {
			isa = PBXVariantGroup;
			children = (
				D2F331151CC664550028739F /* Base */,
			);
			name = Main.storyboard;
			sourceTree = "<group>";
		};
		D2F331191CC664550028739F /* LaunchScreen.storyboard */ = {
			isa = PBXVariantGroup;
			children = (
				D2F3311A1CC664550028739F /* Base */,
			);
			name = LaunchScreen.storyboard;
			sourceTree = "<group>";
		};
/* End PBXVariantGroup section */

/* Begin XCBuildConfiguration section */
		D2F331331CC664560028739F /* Debug */ = {
			isa = XCBuildConfiguration;
			buildSettings = {
				ALWAYS_SEARCH_USER_PATHS = NO;
				CLANG_ANALYZER_NONNULL = YES;
				CLANG_CXX_LANGUAGE_STANDARD = "gnu++0x";
				CLANG_CXX_LIBRARY = "libc++";
				CLANG_ENABLE_MODULES = YES;
				CLANG_ENABLE_OBJC_ARC = YES;
				CLANG_WARN_BOOL_CONVERSION = YES;
				CLANG_WARN_CONSTANT_CONVERSION = YES;
				CLANG_WARN_DIRECT_OBJC_ISA_USAGE = YES_ERROR;
				CLANG_WARN_EMPTY_BODY = YES;
				CLANG_WARN_ENUM_CONVERSION = YES;
				CLANG_WARN_INT_CONVERSION = YES;
				CLANG_WARN_OBJC_ROOT_CLASS = YES_ERROR;
				CLANG_WARN_UNREACHABLE_CODE = YES;
				CLANG_WARN__DUPLICATE_METHOD_MATCH = YES;
				"CODE_SIGN_IDENTITY[sdk=iphoneos*]" = "iPhone Developer";
				COPY_PHASE_STRIP = NO;
				DEBUG_INFORMATION_FORMAT = dwarf;
				ENABLE_STRICT_OBJC_MSGSEND = YES;
				ENABLE_TESTABILITY = YES;
				GCC_C_LANGUAGE_STANDARD = gnu99;
				GCC_DYNAMIC_NO_PIC = NO;
				GCC_NO_COMMON_BLOCKS = YES;
				GCC_OPTIMIZATION_LEVEL = 0;
				GCC_PREPROCESSOR_DEFINITIONS = (
					"DEBUG=1",
					"$(inherited)",
				);
				GCC_WARN_64_TO_32_BIT_CONVERSION = YES;
				GCC_WARN_ABOUT_RETURN_TYPE = YES_ERROR;
				GCC_WARN_UNDECLARED_SELECTOR = YES;
				GCC_WARN_UNINITIALIZED_AUTOS = YES_AGGRESSIVE;
				GCC_WARN_UNUSED_FUNCTION = YES;
				GCC_WARN_UNUSED_VARIABLE = YES;
				IPHONEOS_DEPLOYMENT_TARGET = 9.3;
				MTL_ENABLE_DEBUG_INFO = YES;
				ONLY_ACTIVE_ARCH = YES;
				SDKROOT = iphoneos;
				SWIFT_OPTIMIZATION_LEVEL = "-Onone";
				TARGETED_DEVICE_FAMILY = "1,2";
			};
			name = Debug;
		};
		D2F331341CC664560028739F /* Release */ = {
			isa = XCBuildConfiguration;
			buildSettings = {
				ALWAYS_SEARCH_USER_PATHS = NO;
				CLANG_ANALYZER_NONNULL = YES;
				CLANG_CXX_LANGUAGE_STANDARD = "gnu++0x";
				CLANG_CXX_LIBRARY = "libc++";
				CLANG_ENABLE_MODULES = YES;
				CLANG_ENABLE_OBJC_ARC = YES;
				CLANG_WARN_BOOL_CONVERSION = YES;
				CLANG_WARN_CONSTANT_CONVERSION = YES;
				CLANG_WARN_DIRECT_OBJC_ISA_USAGE = YES_ERROR;
				CLANG_WARN_EMPTY_BODY = YES;
				CLANG_WARN_ENUM_CONVERSION = YES;
				CLANG_WARN_INT_CONVERSION = YES;
				CLANG_WARN_OBJC_ROOT_CLASS = YES_ERROR;
				CLANG_WARN_UNREACHABLE_CODE = YES;
				CLANG_WARN__DUPLICATE_METHOD_MATCH = YES;
				"CODE_SIGN_IDENTITY[sdk=iphoneos*]" = "iPhone Developer";
				COPY_PHASE_STRIP = NO;
				DEBUG_INFORMATION_FORMAT = "dwarf-with-dsym";
				ENABLE_NS_ASSERTIONS = NO;
				ENABLE_STRICT_OBJC_MSGSEND = YES;
				GCC_C_LANGUAGE_STANDARD = gnu99;
				GCC_NO_COMMON_BLOCKS = YES;
				GCC_WARN_64_TO_32_BIT_CONVERSION = YES;
				GCC_WARN_ABOUT_RETURN_TYPE = YES_ERROR;
				GCC_WARN_UNDECLARED_SELECTOR = YES;
				GCC_WARN_UNINITIALIZED_AUTOS = YES_AGGRESSIVE;
				GCC_WARN_UNUSED_FUNCTION = YES;
				GCC_WARN_UNUSED_VARIABLE = YES;
				IPHONEOS_DEPLOYMENT_TARGET = 9.3;
				MTL_ENABLE_DEBUG_INFO = NO;
				SDKROOT = iphoneos;
				TARGETED_DEVICE_FAMILY = "1,2";
				VALIDATE_PRODUCT = YES;
			};
			name = Release;
		};
		D2F331361CC664560028739F /* Debug */ = {
			isa = XCBuildConfiguration;
			buildSettings = {
				ASSETCATALOG_COMPILER_APPICON_NAME = AppIcon;
				INFOPLIST_FILE = navigation/Info.plist;
				LD_RUNPATH_SEARCH_PATHS = "$(inherited) @executable_path/Frameworks";
				PRODUCT_BUNDLE_IDENTIFIER = com.thelemoncookie.navigation;
				PRODUCT_NAME = Stopwatch;
			};
			name = Debug;
		};
		D2F331371CC664560028739F /* Release */ = {
			isa = XCBuildConfiguration;
			buildSettings = {
				ASSETCATALOG_COMPILER_APPICON_NAME = AppIcon;
				INFOPLIST_FILE = navigation/Info.plist;
				LD_RUNPATH_SEARCH_PATHS = "$(inherited) @executable_path/Frameworks";
				PRODUCT_BUNDLE_IDENTIFIER = com.thelemoncookie.navigation;
				PRODUCT_NAME = Stopwatch;
			};
			name = Release;
		};
		D2F331391CC664560028739F /* Debug */ = {
			isa = XCBuildConfiguration;
			buildSettings = {
				BUNDLE_LOADER = "$(TEST_HOST)";
				INFOPLIST_FILE = navigationTests/Info.plist;
				LD_RUNPATH_SEARCH_PATHS = "$(inherited) @executable_path/Frameworks @loader_path/Frameworks";
				PRODUCT_BUNDLE_IDENTIFIER = com.thelemoncookie.navigationTests;
				PRODUCT_NAME = Stopwatch;
				TEST_HOST = "$(BUILT_PRODUCTS_DIR)/Stopwatch.app/Stopwatch";
			};
			name = Debug;
		};
		D2F3313A1CC664560028739F /* Release */ = {
			isa = XCBuildConfiguration;
			buildSettings = {
				BUNDLE_LOADER = "$(TEST_HOST)";
				INFOPLIST_FILE = navigationTests/Info.plist;
				LD_RUNPATH_SEARCH_PATHS = "$(inherited) @executable_path/Frameworks @loader_path/Frameworks";
				PRODUCT_BUNDLE_IDENTIFIER = com.thelemoncookie.navigationTests;
				PRODUCT_NAME = Stopwatch;
				TEST_HOST = "$(BUILT_PRODUCTS_DIR)/Stopwatch.app/Stopwatch";
			};
			name = Release;
		};
		D2F3313C1CC664560028739F /* Debug */ = {
			isa = XCBuildConfiguration;
			buildSettings = {
				INFOPLIST_FILE = navigationUITests/Info.plist;
				LD_RUNPATH_SEARCH_PATHS = "$(inherited) @executable_path/Frameworks @loader_path/Frameworks";
				PRODUCT_BUNDLE_IDENTIFIER = com.thelemoncookie.navigationUITests;
				PRODUCT_NAME = Stopwatch;
				TEST_TARGET_NAME = navigation;
			};
			name = Debug;
		};
		D2F3313D1CC664560028739F /* Release */ = {
			isa = XCBuildConfiguration;
			buildSettings = {
				INFOPLIST_FILE = navigationUITests/Info.plist;
				LD_RUNPATH_SEARCH_PATHS = "$(inherited) @executable_path/Frameworks @loader_path/Frameworks";
				PRODUCT_BUNDLE_IDENTIFIER = com.thelemoncookie.navigationUITests;
				PRODUCT_NAME = Stopwatch;
				TEST_TARGET_NAME = navigation;
			};
			name = Release;
		};
/* End XCBuildConfiguration section */

/* Begin XCConfigurationList section */
		D2F331081CC664550028739F /* Build configuration list for PBXProject "Stopwatch" */ = {
			isa = XCConfigurationList;
			buildConfigurations = (
				D2F331331CC664560028739F /* Debug */,
				D2F331341CC664560028739F /* Release */,
			);
			defaultConfigurationIsVisible = 0;
			defaultConfigurationName = Release;
		};
		D2F331351CC664560028739F /* Build configuration list for PBXNativeTarget "Stopwatch" */ = {
			isa = XCConfigurationList;
			buildConfigurations = (
				D2F331361CC664560028739F /* Debug */,
				D2F331371CC664560028739F /* Release */,
			);
			defaultConfigurationIsVisible = 0;
		};
		D2F331381CC664560028739F /* Build configuration list for PBXNativeTarget "StopwatchTests" */ = {
			isa = XCConfigurationList;
			buildConfigurations = (
				D2F331391CC664560028739F /* Debug */,
				D2F3313A1CC664560028739F /* Release */,
			);
			defaultConfigurationIsVisible = 0;
		};
		D2F3313B1CC664560028739F /* Build configuration list for PBXNativeTarget "StopwatchUITests" */ = {
			isa = XCConfigurationList;
			buildConfigurations = (
				D2F3313C1CC664560028739F /* Debug */,
				D2F3313D1CC664560028739F /* Release */,
			);
			defaultConfigurationIsVisible = 0;
		};
/* End XCConfigurationList section */
	};
	rootObject = D2F331051CC664550028739F /* Project object */;
}
